
Microsoft Visual Studio Solution File, Format Version 12.00
# Visual Studio 15
VisualStudioVersion = 15.0.27004.2010
MinimumVisualStudioVersion = 10.0.40219.1
Project("{FAE04EC0-301F-11D3-BF4B-00C04F79EFBC}") = "MusicSharp", "MusicSharp\MusicSharp.csproj", "{D391BCF7-BC7E-4EDF-9C34-C2AE92695ED5}"
EndProject
Project("{FAE04EC0-301F-11D3-BF4B-00C04F79EFBC}") = "MusicSharp.Tests", "MusicSharp.Tests\MusicSharp.Tests.csproj", "{52982948-7F59-4C2E-9C3F-8F9BDA4EDD44}"
EndProject
Global
	GlobalSection(SolutionConfigurationPlatforms) = preSolution
		Debug|Any CPU = Debug|Any CPU
		Release|Any CPU = Release|Any CPU
	EndGlobalSection
	GlobalSection(ProjectConfigurationPlatforms) = postSolution
		{D391BCF7-BC7E-4EDF-9C34-C2AE92695ED5}.Debug|Any CPU.ActiveCfg = Debug|Any CPU
		{D391BCF7-BC7E-4EDF-9C34-C2AE92695ED5}.Debug|Any CPU.Build.0 = Debug|Any CPU
		{D391BCF7-BC7E-4EDF-9C34-C2AE92695ED5}.Release|Any CPU.ActiveCfg = Release|Any CPU
		{D391BCF7-BC7E-4EDF-9C34-C2AE92695ED5}.Release|Any CPU.Build.0 = Release|Any CPU
		{52982948-7F59-4C2E-9C3F-8F9BDA4EDD44}.Debug|Any CPU.ActiveCfg = Debug|Any CPU
		{52982948-7F59-4C2E-9C3F-8F9BDA4EDD44}.Debug|Any CPU.Build.0 = Debug|Any CPU
		{52982948-7F59-4C2E-9C3F-8F9BDA4EDD44}.Release|Any CPU.ActiveCfg = Release|Any CPU
		{52982948-7F59-4C2E-9C3F-8F9BDA4EDD44}.Release|Any CPU.Build.0 = Release|Any CPU
	EndGlobalSection
	GlobalSection(SolutionProperties) = preSolution
		HideSolutionNode = FALSE
	EndGlobalSection
	GlobalSection(ExtensibilityGlobals) = postSolution
		SolutionGuid = {784F981D-EE0D-4379-88DB-806BAE05570D}
	EndGlobalSection
EndGlobal
